PODS:
  - MZFayeClient (1.0.3):
    - SocketRocket
  - SocketRocket (0.4.2)

DEPENDENCIES:
  - MZFayeClient (from `../`)
  - SocketRocket (~> 0.4.2)

EXTERNAL SOURCES:
  MZFayeClient:
    :path: "../"

SPEC CHECKSUMS:
  MZFayeClient: ac3defb0026d26f025444eeb021117be9cab4642
  SocketRocket: ffe08119b00ef982f6c37052a4705a057c8494ad

COCOAPODS: 0.38.2
